
Microsoft Visual Studio Solution File, Format Version 12.00
# Visual Studio Version 16
VisualStudioVersion = 16.0.32602.291
MinimumVisualStudioVersion = 10.0.40219.1
Project("{FAE04EC0-301F-11D3-BF4B-00C04F79EFBC}") = "Task5", "Task5\Task5.csproj", "{C286BF02-A1DB-4FC9-996A-E47AA7EA5F15}"
EndProject
Global
	GlobalSection(SolutionConfigurationPlatforms) = preSolution
		Debug|Any CPU = Debug|Any CPU
		Release|Any CPU = Release|Any CPU
	EndGlobalSection
	GlobalSection(ProjectConfigurationPlatforms) = postSolution
		{C286BF02-A1DB-4FC9-996A-E47AA7EA5F15}.Debug|Any CPU.ActiveCfg = Debug|Any CPU
		{C286BF02-A1DB-4FC9-996A-E47AA7EA5F15}.Debug|Any CPU.Build.0 = Debug|Any CPU
		{C286BF02-A1DB-4FC9-996A-E47AA7EA5F15}.Release|Any CPU.ActiveCfg = Release|Any CPU
		{C286BF02-A1DB-4FC9-996A-E47AA7EA5F15}.Release|Any CPU.Build.0 = Release|Any CPU
	EndGlobalSection
	GlobalSection(SolutionProperties) = preSolution
		HideSolutionNode = FALSE
	EndGlobalSection
	GlobalSection(ExtensibilityGlobals) = postSolution
		SolutionGuid = {010B01D6-8267-4FAF-A63A-3E45A61B4D83}
	EndGlobalSection
EndGlobal
